// !$*UTF8*$!
{
	archiveVersion = 1;
	classes = {
	};
	objectVersion = 46;
	objects = {

/* Begin PBXAggregateTarget section */
		48338EFE1615E3560033F4C1 /* Documentation */ = {
			isa = PBXAggregateTarget;
			buildConfigurationList = 48338F011615E3560033F4C1 /* Build configuration list for PBXAggregateTarget "Documentation" */;
			buildPhases = (
				48338F031615E3F60033F4C1 /* ShellScript */,
			);
			dependencies = (
			);
			name = Documentation;
			productName = Documentation;
		};
/* End PBXAggregateTarget section */

/* Begin PBXBuildFile section */
		48338F68161628690033F4C1 /* libg7221codec-arm-apple-darwin9.a in Frameworks */ = {isa = PBXBuildFile; fileRef = 48338F56161628690033F4C1 /* libg7221codec-arm-apple-darwin9.a */; };
		48338F69161628690033F4C1 /* libg7221codec-arm-apple-darwin9.a in Frameworks */ = {isa = PBXBuildFile; fileRef = 48338F56161628690033F4C1 /* libg7221codec-arm-apple-darwin9.a */; };
		48338F6A161628690033F4C1 /* libgsmcodec-arm-apple-darwin9.a in Frameworks */ = {isa = PBXBuildFile; fileRef = 48338F57161628690033F4C1 /* libgsmcodec-arm-apple-darwin9.a */; };
		48338F6B161628690033F4C1 /* libgsmcodec-arm-apple-darwin9.a in Frameworks */ = {isa = PBXBuildFile; fileRef = 48338F57161628690033F4C1 /* libgsmcodec-arm-apple-darwin9.a */; };
		48338F6C161628690033F4C1 /* libilbccodec-arm-apple-darwin9.a in Frameworks */ = {isa = PBXBuildFile; fileRef = 48338F58161628690033F4C1 /* libilbccodec-arm-apple-darwin9.a */; };
		48338F6D161628690033F4C1 /* libilbccodec-arm-apple-darwin9.a in Frameworks */ = {isa = PBXBuildFile; fileRef = 48338F58161628690033F4C1 /* libilbccodec-arm-apple-darwin9.a */; };
		48338F6E161628690033F4C1 /* libmilenage-arm-apple-darwin9.a in Frameworks */ = {isa = PBXBuildFile; fileRef = 48338F59161628690033F4C1 /* libmilenage-arm-apple-darwin9.a */; };
		48338F6F161628690033F4C1 /* libmilenage-arm-apple-darwin9.a in Frameworks */ = {isa = PBXBuildFile; fileRef = 48338F59161628690033F4C1 /* libmilenage-arm-apple-darwin9.a */; };
		48338F70161628690033F4C1 /* libpj-arm-apple-darwin9.a in Frameworks */ = {isa = PBXBuildFile; fileRef = 48338F5A161628690033F4C1 /* libpj-arm-apple-darwin9.a */; };
		48338F71161628690033F4C1 /* libpj-arm-apple-darwin9.a in Frameworks */ = {isa = PBXBuildFile; fileRef = 48338F5A161628690033F4C1 /* libpj-arm-apple-darwin9.a */; };
		48338F72161628690033F4C1 /* libpjlib-util-arm-apple-darwin9.a in Frameworks */ = {isa = PBXBuildFile; fileRef = 48338F5B161628690033F4C1 /* libpjlib-util-arm-apple-darwin9.a */; };
		48338F73161628690033F4C1 /* libpjlib-util-arm-apple-darwin9.a in Frameworks */ = {isa = PBXBuildFile; fileRef = 48338F5B161628690033F4C1 /* libpjlib-util-arm-apple-darwin9.a */; };
		48338F74161628690033F4C1 /* libpjmedia-arm-apple-darwin9.a in Frameworks */ = {isa = PBXBuildFile; fileRef = 48338F5C161628690033F4C1 /* libpjmedia-arm-apple-darwin9.a */; };
		48338F75161628690033F4C1 /* libpjmedia-arm-apple-darwin9.a in Frameworks */ = {isa = PBXBuildFile; fileRef = 48338F5C161628690033F4C1 /* libpjmedia-arm-apple-darwin9.a */; };
		48338F76161628690033F4C1 /* libpjmedia-audiodev-arm-apple-darwin9.a in Frameworks */ = {isa = PBXBuildFile; fileRef = 48338F5D161628690033F4C1 /* libpjmedia-audiodev-arm-apple-darwin9.a */; };
		48338F77161628690033F4C1 /* libpjmedia-audiodev-arm-apple-darwin9.a in Frameworks */ = {isa = PBXBuildFile; fileRef = 48338F5D161628690033F4C1 /* libpjmedia-audiodev-arm-apple-darwin9.a */; };
		48338F78161628690033F4C1 /* libpjmedia-codec-arm-apple-darwin9.a in Frameworks */ = {isa = PBXBuildFile; fileRef = 48338F5E161628690033F4C1 /* libpjmedia-codec-arm-apple-darwin9.a */; };
		48338F79161628690033F4C1 /* libpjmedia-codec-arm-apple-darwin9.a in Frameworks */ = {isa = PBXBuildFile; fileRef = 48338F5E161628690033F4C1 /* libpjmedia-codec-arm-apple-darwin9.a */; };
		48338F7A161628690033F4C1 /* libpjmedia-videodev-arm-apple-darwin9.a in Frameworks */ = {isa = PBXBuildFile; fileRef = 48338F5F161628690033F4C1 /* libpjmedia-videodev-arm-apple-darwin9.a */; };
		48338F7B161628690033F4C1 /* libpjmedia-videodev-arm-apple-darwin9.a in Frameworks */ = {isa = PBXBuildFile; fileRef = 48338F5F161628690033F4C1 /* libpjmedia-videodev-arm-apple-darwin9.a */; };
		48338F7C161628690033F4C1 /* libpjnath-arm-apple-darwin9.a in Frameworks */ = {isa = PBXBuildFile; fileRef = 48338F60161628690033F4C1 /* libpjnath-arm-apple-darwin9.a */; };
		48338F7D161628690033F4C1 /* libpjnath-arm-apple-darwin9.a in Frameworks */ = {isa = PBXBuildFile; fileRef = 48338F60161628690033F4C1 /* libpjnath-arm-apple-darwin9.a */; };
		48338F7E161628690033F4C1 /* libpjsip-arm-apple-darwin9.a in Frameworks */ = {isa = PBXBuildFile; fileRef = 48338F61161628690033F4C1 /* libpjsip-arm-apple-darwin9.a */; };
		48338F7F161628690033F4C1 /* libpjsip-arm-apple-darwin9.a in Frameworks */ = {isa = PBXBuildFile; fileRef = 48338F61161628690033F4C1 /* libpjsip-arm-apple-darwin9.a */; };
		48338F80161628690033F4C1 /* libpjsip-simple-arm-apple-darwin9.a in Frameworks */ = {isa = PBXBuildFile; fileRef = 48338F62161628690033F4C1 /* libpjsip-simple-arm-apple-darwin9.a */; };
		48338F81161628690033F4C1 /* libpjsip-simple-arm-apple-darwin9.a in Frameworks */ = {isa = PBXBuildFile; fileRef = 48338F62161628690033F4C1 /* libpjsip-simple-arm-apple-darwin9.a */; };
		48338F82161628690033F4C1 /* libpjsip-ua-arm-apple-darwin9.a in Frameworks */ = {isa = PBXBuildFile; fileRef = 48338F63161628690033F4C1 /* libpjsip-ua-arm-apple-darwin9.a */; };
		48338F83161628690033F4C1 /* libpjsip-ua-arm-apple-darwin9.a in Frameworks */ = {isa = PBXBuildFile; fileRef = 48338F63161628690033F4C1 /* libpjsip-ua-arm-apple-darwin9.a */; };
		48338F84161628690033F4C1 /* libpjsua-arm-apple-darwin9.a in Frameworks */ = {isa = PBXBuildFile; fileRef = 48338F64161628690033F4C1 /* libpjsua-arm-apple-darwin9.a */; };
		48338F85161628690033F4C1 /* libpjsua-arm-apple-darwin9.a in Frameworks */ = {isa = PBXBuildFile; fileRef = 48338F64161628690033F4C1 /* libpjsua-arm-apple-darwin9.a */; };
		48338F86161628690033F4C1 /* libresample-arm-apple-darwin9.a in Frameworks */ = {isa = PBXBuildFile; fileRef = 48338F65161628690033F4C1 /* libresample-arm-apple-darwin9.a */; };
		48338F87161628690033F4C1 /* libresample-arm-apple-darwin9.a in Frameworks */ = {isa = PBXBuildFile; fileRef = 48338F65161628690033F4C1 /* libresample-arm-apple-darwin9.a */; };
		48338F88161628690033F4C1 /* libspeex-arm-apple-darwin9.a in Frameworks */ = {isa = PBXBuildFile; fileRef = 48338F66161628690033F4C1 /* libspeex-arm-apple-darwin9.a */; };
		48338F89161628690033F4C1 /* libspeex-arm-apple-darwin9.a in Frameworks */ = {isa = PBXBuildFile; fileRef = 48338F66161628690033F4C1 /* libspeex-arm-apple-darwin9.a */; };
		48338F8A161628690033F4C1 /* libsrtp-arm-apple-darwin9.a in Frameworks */ = {isa = PBXBuildFile; fileRef = 48338F67161628690033F4C1 /* libsrtp-arm-apple-darwin9.a */; };
		48338F8B161628690033F4C1 /* libsrtp-arm-apple-darwin9.a in Frameworks */ = {isa = PBXBuildFile; fileRef = 48338F67161628690033F4C1 /* libsrtp-arm-apple-darwin9.a */; };
		48338F8E161628BA0033F4C1 /* libcrypto.a in Frameworks */ = {isa = PBXBuildFile; fileRef = 48338F8C161628BA0033F4C1 /* libcrypto.a */; };
		48338F8F161628BA0033F4C1 /* libcrypto.a in Frameworks */ = {isa = PBXBuildFile; fileRef = 48338F8C161628BA0033F4C1 /* libcrypto.a */; };
		48338F90161628BA0033F4C1 /* libssl.a in Frameworks */ = {isa = PBXBuildFile; fileRef = 48338F8D161628BA0033F4C1 /* libssl.a */; };
		48338F91161628BA0033F4C1 /* libssl.a in Frameworks */ = {isa = PBXBuildFile; fileRef = 48338F8D161628BA0033F4C1 /* libssl.a */; };
		48338F9B16170C6C0033F4C1 /* main.m in Sources */ = {isa = PBXBuildFile; fileRef = 48338F9A16170C6C0033F4C1 /* main.m */; };
		48338FA516170CA80033F4C1 /* AppDelegate.m in Sources */ = {isa = PBXBuildFile; fileRef = 48338FA016170CA80033F4C1 /* AppDelegate.m */; };
		48338FA616170CA80033F4C1 /* FirstViewController.m in Sources */ = {isa = PBXBuildFile; fileRef = 48338FA216170CA80033F4C1 /* FirstViewController.m */; };
		48338FA716170CA80033F4C1 /* SecondViewController.m in Sources */ = {isa = PBXBuildFile; fileRef = 48338FA416170CA80033F4C1 /* SecondViewController.m */; };
		48338FAE16170CBA0033F4C1 /* first.png in Resources */ = {isa = PBXBuildFile; fileRef = 48338FAA16170CBA0033F4C1 /* first.png */; };
		48338FAF16170CBA0033F4C1 /* first@2x.png in Resources */ = {isa = PBXBuildFile; fileRef = 48338FAB16170CBA0033F4C1 /* first@2x.png */; };
		48338FB016170CBA0033F4C1 /* second.png in Resources */ = {isa = PBXBuildFile; fileRef = 48338FAC16170CBA0033F4C1 /* second.png */; };
		48338FB116170CBA0033F4C1 /* second@2x.png in Resources */ = {isa = PBXBuildFile; fileRef = 48338FAD16170CBA0033F4C1 /* second@2x.png */; };
		48338FB716170D8C0033F4C1 /* Default-568h@2x.png in Resources */ = {isa = PBXBuildFile; fileRef = 48338FB416170D8C0033F4C1 /* Default-568h@2x.png */; };
		48338FB816170D8C0033F4C1 /* Default.png in Resources */ = {isa = PBXBuildFile; fileRef = 48338FB516170D8C0033F4C1 /* Default.png */; };
		48338FB916170D8C0033F4C1 /* Default@2x.png in Resources */ = {isa = PBXBuildFile; fileRef = 48338FB616170D8C0033F4C1 /* Default@2x.png */; };
		48884A751615CE920005AA79 /* UIKit.framework in Frameworks */ = {isa = PBXBuildFile; fileRef = 48884A741615CE920005AA79 /* UIKit.framework */; };
		48884A771615CE920005AA79 /* Foundation.framework in Frameworks */ = {isa = PBXBuildFile; fileRef = 48884A761615CE920005AA79 /* Foundation.framework */; };
		48884A791615CE920005AA79 /* CoreGraphics.framework in Frameworks */ = {isa = PBXBuildFile; fileRef = 48884A781615CE920005AA79 /* CoreGraphics.framework */; };
		48884A7F1615CE920005AA79 /* InfoPlist.strings in Resources */ = {isa = PBXBuildFile; fileRef = 48884A7D1615CE920005AA79 /* InfoPlist.strings */; };
		48884A8E1615CE920005AA79 /* MainStoryboard_iPhone.storyboard in Resources */ = {isa = PBXBuildFile; fileRef = 48884A8C1615CE920005AA79 /* MainStoryboard_iPhone.storyboard */; };
		48884A911615CE920005AA79 /* MainStoryboard_iPad.storyboard in Resources */ = {isa = PBXBuildFile; fileRef = 48884A8F1615CE920005AA79 /* MainStoryboard_iPad.storyboard */; };
		48884AA71615CE920005AA79 /* SenTestingKit.framework in Frameworks */ = {isa = PBXBuildFile; fileRef = 48884AA61615CE920005AA79 /* SenTestingKit.framework */; };
		48884AA81615CE920005AA79 /* UIKit.framework in Frameworks */ = {isa = PBXBuildFile; fileRef = 48884A741615CE920005AA79 /* UIKit.framework */; };
		48884AA91615CE920005AA79 /* Foundation.framework in Frameworks */ = {isa = PBXBuildFile; fileRef = 48884A761615CE920005AA79 /* Foundation.framework */; };
		48884AB11615CE920005AA79 /* InfoPlist.strings in Resources */ = {isa = PBXBuildFile; fileRef = 48884AAF1615CE920005AA79 /* InfoPlist.strings */; };
		48884AB41615CE920005AA79 /* TalkTests.m in Sources */ = {isa = PBXBuildFile; fileRef = 48884AB31615CE920005AA79 /* TalkTests.m */; };
/* End PBXBuildFile section */

/* Begin PBXContainerItemProxy section */
		48884AAA1615CE920005AA79 /* PBXContainerItemProxy */ = {
			isa = PBXContainerItemProxy;
			containerPortal = 48884A671615CE920005AA79 /* Project object */;
			proxyType = 1;
			remoteGlobalIDString = 48884A6F1615CE920005AA79;
			remoteInfo = Talk;
		};
/* End PBXContainerItemProxy section */

/* Begin PBXFileReference section */
		48338F56161628690033F4C1 /* libg7221codec-arm-apple-darwin9.a */ = {isa = PBXFileReference; lastKnownFileType = archive.ar; name = "libg7221codec-arm-apple-darwin9.a"; path = "External/pjproject-2.0.1/install/lib/libg7221codec-arm-apple-darwin9.a"; sourceTree = "<group>"; };
		48338F57161628690033F4C1 /* libgsmcodec-arm-apple-darwin9.a */ = {isa = PBXFileReference; lastKnownFileType = archive.ar; name = "libgsmcodec-arm-apple-darwin9.a"; path = "External/pjproject-2.0.1/install/lib/libgsmcodec-arm-apple-darwin9.a"; sourceTree = "<group>"; };
		48338F58161628690033F4C1 /* libilbccodec-arm-apple-darwin9.a */ = {isa = PBXFileReference; lastKnownFileType = archive.ar; name = "libilbccodec-arm-apple-darwin9.a"; path = "External/pjproject-2.0.1/install/lib/libilbccodec-arm-apple-darwin9.a"; sourceTree = "<group>"; };
		48338F59161628690033F4C1 /* libmilenage-arm-apple-darwin9.a */ = {isa = PBXFileReference; lastKnownFileType = archive.ar; name = "libmilenage-arm-apple-darwin9.a"; path = "External/pjproject-2.0.1/install/lib/libmilenage-arm-apple-darwin9.a"; sourceTree = "<group>"; };
		48338F5A161628690033F4C1 /* libpj-arm-apple-darwin9.a */ = {isa = PBXFileReference; lastKnownFileType = archive.ar; name = "libpj-arm-apple-darwin9.a"; path = "External/pjproject-2.0.1/install/lib/libpj-arm-apple-darwin9.a"; sourceTree = "<group>"; };
		48338F5B161628690033F4C1 /* libpjlib-util-arm-apple-darwin9.a */ = {isa = PBXFileReference; lastKnownFileType = archive.ar; name = "libpjlib-util-arm-apple-darwin9.a"; path = "External/pjproject-2.0.1/install/lib/libpjlib-util-arm-apple-darwin9.a"; sourceTree = "<group>"; };
		48338F5C161628690033F4C1 /* libpjmedia-arm-apple-darwin9.a */ = {isa = PBXFileReference; lastKnownFileType = archive.ar; name = "libpjmedia-arm-apple-darwin9.a"; path = "External/pjproject-2.0.1/install/lib/libpjmedia-arm-apple-darwin9.a"; sourceTree = "<group>"; };
		48338F5D161628690033F4C1 /* libpjmedia-audiodev-arm-apple-darwin9.a */ = {isa = PBXFileReference; lastKnownFileType = archive.ar; name = "libpjmedia-audiodev-arm-apple-darwin9.a"; path = "External/pjproject-2.0.1/install/lib/libpjmedia-audiodev-arm-apple-darwin9.a"; sourceTree = "<group>"; };
		48338F5E161628690033F4C1 /* libpjmedia-codec-arm-apple-darwin9.a */ = {isa = PBXFileReference; lastKnownFileType = archive.ar; name = "libpjmedia-codec-arm-apple-darwin9.a"; path = "External/pjproject-2.0.1/install/lib/libpjmedia-codec-arm-apple-darwin9.a"; sourceTree = "<group>"; };
		48338F5F161628690033F4C1 /* libpjmedia-videodev-arm-apple-darwin9.a */ = {isa = PBXFileReference; lastKnownFileType = archive.ar; name = "libpjmedia-videodev-arm-apple-darwin9.a"; path = "External/pjproject-2.0.1/install/lib/libpjmedia-videodev-arm-apple-darwin9.a"; sourceTree = "<group>"; };
		48338F60161628690033F4C1 /* libpjnath-arm-apple-darwin9.a */ = {isa = PBXFileReference; lastKnownFileType = archive.ar; name = "libpjnath-arm-apple-darwin9.a"; path = "External/pjproject-2.0.1/install/lib/libpjnath-arm-apple-darwin9.a"; sourceTree = "<group>"; };
		48338F61161628690033F4C1 /* libpjsip-arm-apple-darwin9.a */ = {isa = PBXFileReference; lastKnownFileType = archive.ar; name = "libpjsip-arm-apple-darwin9.a"; path = "External/pjproject-2.0.1/install/lib/libpjsip-arm-apple-darwin9.a"; sourceTree = "<group>"; };
		48338F62161628690033F4C1 /* libpjsip-simple-arm-apple-darwin9.a */ = {isa = PBXFileReference; lastKnownFileType = archive.ar; name = "libpjsip-simple-arm-apple-darwin9.a"; path = "External/pjproject-2.0.1/install/lib/libpjsip-simple-arm-apple-darwin9.a"; sourceTree = "<group>"; };
		48338F63161628690033F4C1 /* libpjsip-ua-arm-apple-darwin9.a */ = {isa = PBXFileReference; lastKnownFileType = archive.ar; name = "libpjsip-ua-arm-apple-darwin9.a"; path = "External/pjproject-2.0.1/install/lib/libpjsip-ua-arm-apple-darwin9.a"; sourceTree = "<group>"; };
		48338F64161628690033F4C1 /* libpjsua-arm-apple-darwin9.a */ = {isa = PBXFileReference; lastKnownFileType = archive.ar; name = "libpjsua-arm-apple-darwin9.a"; path = "External/pjproject-2.0.1/install/lib/libpjsua-arm-apple-darwin9.a"; sourceTree = "<group>"; };
		48338F65161628690033F4C1 /* libresample-arm-apple-darwin9.a */ = {isa = PBXFileReference; lastKnownFileType = archive.ar; name = "libresample-arm-apple-darwin9.a"; path = "External/pjproject-2.0.1/install/lib/libresample-arm-apple-darwin9.a"; sourceTree = "<group>"; };
		48338F66161628690033F4C1 /* libspeex-arm-apple-darwin9.a */ = {isa = PBXFileReference; lastKnownFileType = archive.ar; name = "libspeex-arm-apple-darwin9.a"; path = "External/pjproject-2.0.1/install/lib/libspeex-arm-apple-darwin9.a"; sourceTree = "<group>"; };
		48338F67161628690033F4C1 /* libsrtp-arm-apple-darwin9.a */ = {isa = PBXFileReference; lastKnownFileType = archive.ar; name = "libsrtp-arm-apple-darwin9.a"; path = "External/pjproject-2.0.1/install/lib/libsrtp-arm-apple-darwin9.a"; sourceTree = "<group>"; };
		48338F8C161628BA0033F4C1 /* libcrypto.a */ = {isa = PBXFileReference; lastKnownFileType = archive.ar; name = libcrypto.a; path = "External/OpenSSL-for-iPhone/lib/libcrypto.a"; sourceTree = "<group>"; };
		48338F8D161628BA0033F4C1 /* libssl.a */ = {isa = PBXFileReference; lastKnownFileType = archive.ar; name = libssl.a; path = "External/OpenSSL-for-iPhone/lib/libssl.a"; sourceTree = "<group>"; };
		48338F92161700550033F4C1 /* AppledocSettings.plist */ = {isa = PBXFileReference; fileEncoding = 4; lastKnownFileType = text.plist.xml; path = AppledocSettings.plist; sourceTree = "<group>"; };
		48338F9A16170C6C0033F4C1 /* main.m */ = {isa = PBXFileReference; fileEncoding = 4; lastKnownFileType = sourcecode.c.objc; path = main.m; sourceTree = "<group>"; };
		48338F9F16170CA80033F4C1 /* AppDelegate.h */ = {isa = PBXFileReference; fileEncoding = 4; lastKnownFileType = sourcecode.c.h; path = AppDelegate.h; sourceTree = "<group>"; };
		48338FA016170CA80033F4C1 /* AppDelegate.m */ = {isa = PBXFileReference; fileEncoding = 4; lastKnownFileType = sourcecode.c.objc; path = AppDelegate.m; sourceTree = "<group>"; };
		48338FA116170CA80033F4C1 /* FirstViewController.h */ = {isa = PBXFileReference; fileEncoding = 4; lastKnownFileType = sourcecode.c.h; path = FirstViewController.h; sourceTree = "<group>"; };
		48338FA216170CA80033F4C1 /* FirstViewController.m */ = {isa = PBXFileReference; fileEncoding = 4; lastKnownFileType = sourcecode.c.objc; path = FirstViewController.m; sourceTree = "<group>"; };
		48338FA316170CA80033F4C1 /* SecondViewController.h */ = {isa = PBXFileReference; fileEncoding = 4; lastKnownFileType = sourcecode.c.h; path = SecondViewController.h; sourceTree = "<group>"; };
		48338FA416170CA80033F4C1 /* SecondViewController.m */ = {isa = PBXFileReference; fileEncoding = 4; lastKnownFileType = sourcecode.c.objc; path = SecondViewController.m; sourceTree = "<group>"; };
		48338FAA16170CBA0033F4C1 /* first.png */ = {isa = PBXFileReference; lastKnownFileType = image.png; path = first.png; sourceTree = "<group>"; };
		48338FAB16170CBA0033F4C1 /* first@2x.png */ = {isa = PBXFileReference; lastKnownFileType = image.png; path = "first@2x.png"; sourceTree = "<group>"; };
		48338FAC16170CBA0033F4C1 /* second.png */ = {isa = PBXFileReference; lastKnownFileType = image.png; path = second.png; sourceTree = "<group>"; };
		48338FAD16170CBA0033F4C1 /* second@2x.png */ = {isa = PBXFileReference; lastKnownFileType = image.png; path = "second@2x.png"; sourceTree = "<group>"; };
		48338FB416170D8C0033F4C1 /* Default-568h@2x.png */ = {isa = PBXFileReference; lastKnownFileType = image.png; path = "Default-568h@2x.png"; sourceTree = "<group>"; };
		48338FB516170D8C0033F4C1 /* Default.png */ = {isa = PBXFileReference; lastKnownFileType = image.png; path = Default.png; sourceTree = "<group>"; };
		48338FB616170D8C0033F4C1 /* Default@2x.png */ = {isa = PBXFileReference; lastKnownFileType = image.png; path = "Default@2x.png"; sourceTree = "<group>"; };
		48884A701615CE920005AA79 /* Talk.app */ = {isa = PBXFileReference; explicitFileType = wrapper.application; includeInIndex = 0; path = Talk.app; sourceTree = BUILT_PRODUCTS_DIR; };
		48884A741615CE920005AA79 /* UIKit.framework */ = {isa = PBXFileReference; lastKnownFileType = wrapper.framework; name = UIKit.framework; path = System/Library/Frameworks/UIKit.framework; sourceTree = SDKROOT; };
		48884A761615CE920005AA79 /* Foundation.framework */ = {isa = PBXFileReference; lastKnownFileType = wrapper.framework; name = Foundation.framework; path = System/Library/Frameworks/Foundation.framework; sourceTree = SDKROOT; };
		48884A781615CE920005AA79 /* CoreGraphics.framework */ = {isa = PBXFileReference; lastKnownFileType = wrapper.framework; name = CoreGraphics.framework; path = System/Library/Frameworks/CoreGraphics.framework; sourceTree = SDKROOT; };
		48884A7C1615CE920005AA79 /* Talk-Info.plist */ = {isa = PBXFileReference; lastKnownFileType = text.plist.xml; path = "Talk-Info.plist"; sourceTree = "<group>"; };
		48884A7E1615CE920005AA79 /* en */ = {isa = PBXFileReference; lastKnownFileType = text.plist.strings; name = en; path = en.lproj/InfoPlist.strings; sourceTree = "<group>"; };
		48884A821615CE920005AA79 /* Talk-Prefix.pch */ = {isa = PBXFileReference; lastKnownFileType = sourcecode.c.h; path = "Talk-Prefix.pch"; sourceTree = "<group>"; };
		48884A8D1615CE920005AA79 /* en */ = {isa = PBXFileReference; lastKnownFileType = file.storyboard; name = en; path = en.lproj/MainStoryboard_iPhone.storyboard; sourceTree = "<group>"; };
		48884A901615CE920005AA79 /* en */ = {isa = PBXFileReference; lastKnownFileType = file.storyboard; name = en; path = en.lproj/MainStoryboard_iPad.storyboard; sourceTree = "<group>"; };
		48884AA51615CE920005AA79 /* TalkTests.octest */ = {isa = PBXFileReference; explicitFileType = wrapper.cfbundle; includeInIndex = 0; path = TalkTests.octest; sourceTree = BUILT_PRODUCTS_DIR; };
		48884AA61615CE920005AA79 /* SenTestingKit.framework */ = {isa = PBXFileReference; lastKnownFileType = wrapper.framework; name = SenTestingKit.framework; path = Library/Frameworks/SenTestingKit.framework; sourceTree = DEVELOPER_DIR; };
		48884AAE1615CE920005AA79 /* TalkTests-Info.plist */ = {isa = PBXFileReference; lastKnownFileType = text.plist.xml; path = "TalkTests-Info.plist"; sourceTree = "<group>"; };
		48884AB01615CE920005AA79 /* en */ = {isa = PBXFileReference; lastKnownFileType = text.plist.strings; name = en; path = en.lproj/InfoPlist.strings; sourceTree = "<group>"; };
		48884AB21615CE920005AA79 /* TalkTests.h */ = {isa = PBXFileReference; lastKnownFileType = sourcecode.c.h; path = TalkTests.h; sourceTree = "<group>"; };
		48884AB31615CE920005AA79 /* TalkTests.m */ = {isa = PBXFileReference; lastKnownFileType = sourcecode.c.objc; path = TalkTests.m; sourceTree = "<group>"; };
/* End PBXFileReference section */

/* Begin PBXFrameworksBuildPhase section */
		48884A6D1615CE920005AA79 /* Frameworks */ = {
			isa = PBXFrameworksBuildPhase;
			buildActionMask = 2147483647;
			files = (
				48884A751615CE920005AA79 /* UIKit.framework in Frameworks */,
				48884A771615CE920005AA79 /* Foundation.framework in Frameworks */,
				48884A791615CE920005AA79 /* CoreGraphics.framework in Frameworks */,
				48338F68161628690033F4C1 /* libg7221codec-arm-apple-darwin9.a in Frameworks */,
				48338F6A161628690033F4C1 /* libgsmcodec-arm-apple-darwin9.a in Frameworks */,
				48338F6C161628690033F4C1 /* libilbccodec-arm-apple-darwin9.a in Frameworks */,
				48338F6E161628690033F4C1 /* libmilenage-arm-apple-darwin9.a in Frameworks */,
				48338F70161628690033F4C1 /* libpj-arm-apple-darwin9.a in Frameworks */,
				48338F72161628690033F4C1 /* libpjlib-util-arm-apple-darwin9.a in Frameworks */,
				48338F74161628690033F4C1 /* libpjmedia-arm-apple-darwin9.a in Frameworks */,
				48338F76161628690033F4C1 /* libpjmedia-audiodev-arm-apple-darwin9.a in Frameworks */,
				48338F78161628690033F4C1 /* libpjmedia-codec-arm-apple-darwin9.a in Frameworks */,
				48338F7A161628690033F4C1 /* libpjmedia-videodev-arm-apple-darwin9.a in Frameworks */,
				48338F7C161628690033F4C1 /* libpjnath-arm-apple-darwin9.a in Frameworks */,
				48338F7E161628690033F4C1 /* libpjsip-arm-apple-darwin9.a in Frameworks */,
				48338F80161628690033F4C1 /* libpjsip-simple-arm-apple-darwin9.a in Frameworks */,
				48338F82161628690033F4C1 /* libpjsip-ua-arm-apple-darwin9.a in Frameworks */,
				48338F84161628690033F4C1 /* libpjsua-arm-apple-darwin9.a in Frameworks */,
				48338F86161628690033F4C1 /* libresample-arm-apple-darwin9.a in Frameworks */,
				48338F88161628690033F4C1 /* libspeex-arm-apple-darwin9.a in Frameworks */,
				48338F8A161628690033F4C1 /* libsrtp-arm-apple-darwin9.a in Frameworks */,
				48338F8E161628BA0033F4C1 /* libcrypto.a in Frameworks */,
				48338F90161628BA0033F4C1 /* libssl.a in Frameworks */,
			);
			runOnlyForDeploymentPostprocessing = 0;
		};
		48884AA11615CE920005AA79 /* Frameworks */ = {
			isa = PBXFrameworksBuildPhase;
			buildActionMask = 2147483647;
			files = (
				48884AA71615CE920005AA79 /* SenTestingKit.framework in Frameworks */,
				48884AA81615CE920005AA79 /* UIKit.framework in Frameworks */,
				48884AA91615CE920005AA79 /* Foundation.framework in Frameworks */,
				48338F69161628690033F4C1 /* libg7221codec-arm-apple-darwin9.a in Frameworks */,
				48338F6B161628690033F4C1 /* libgsmcodec-arm-apple-darwin9.a in Frameworks */,
				48338F6D161628690033F4C1 /* libilbccodec-arm-apple-darwin9.a in Frameworks */,
				48338F6F161628690033F4C1 /* libmilenage-arm-apple-darwin9.a in Frameworks */,
				48338F71161628690033F4C1 /* libpj-arm-apple-darwin9.a in Frameworks */,
				48338F73161628690033F4C1 /* libpjlib-util-arm-apple-darwin9.a in Frameworks */,
				48338F75161628690033F4C1 /* libpjmedia-arm-apple-darwin9.a in Frameworks */,
				48338F77161628690033F4C1 /* libpjmedia-audiodev-arm-apple-darwin9.a in Frameworks */,
				48338F79161628690033F4C1 /* libpjmedia-codec-arm-apple-darwin9.a in Frameworks */,
				48338F7B161628690033F4C1 /* libpjmedia-videodev-arm-apple-darwin9.a in Frameworks */,
				48338F7D161628690033F4C1 /* libpjnath-arm-apple-darwin9.a in Frameworks */,
				48338F7F161628690033F4C1 /* libpjsip-arm-apple-darwin9.a in Frameworks */,
				48338F81161628690033F4C1 /* libpjsip-simple-arm-apple-darwin9.a in Frameworks */,
				48338F83161628690033F4C1 /* libpjsip-ua-arm-apple-darwin9.a in Frameworks */,
				48338F85161628690033F4C1 /* libpjsua-arm-apple-darwin9.a in Frameworks */,
				48338F87161628690033F4C1 /* libresample-arm-apple-darwin9.a in Frameworks */,
				48338F89161628690033F4C1 /* libspeex-arm-apple-darwin9.a in Frameworks */,
				48338F8B161628690033F4C1 /* libsrtp-arm-apple-darwin9.a in Frameworks */,
				48338F8F161628BA0033F4C1 /* libcrypto.a in Frameworks */,
				48338F91161628BA0033F4C1 /* libssl.a in Frameworks */,
			);
			runOnlyForDeploymentPostprocessing = 0;
		};
/* End PBXFrameworksBuildPhase section */

/* Begin PBXGroup section */
		48338F54161628310033F4C1 /* pjsip */ = {
			isa = PBXGroup;
			children = (
				48338F56161628690033F4C1 /* libg7221codec-arm-apple-darwin9.a */,
				48338F57161628690033F4C1 /* libgsmcodec-arm-apple-darwin9.a */,
				48338F58161628690033F4C1 /* libilbccodec-arm-apple-darwin9.a */,
				48338F59161628690033F4C1 /* libmilenage-arm-apple-darwin9.a */,
				48338F5A161628690033F4C1 /* libpj-arm-apple-darwin9.a */,
				48338F5B161628690033F4C1 /* libpjlib-util-arm-apple-darwin9.a */,
				48338F5C161628690033F4C1 /* libpjmedia-arm-apple-darwin9.a */,
				48338F5D161628690033F4C1 /* libpjmedia-audiodev-arm-apple-darwin9.a */,
				48338F5E161628690033F4C1 /* libpjmedia-codec-arm-apple-darwin9.a */,
				48338F5F161628690033F4C1 /* libpjmedia-videodev-arm-apple-darwin9.a */,
				48338F60161628690033F4C1 /* libpjnath-arm-apple-darwin9.a */,
				48338F61161628690033F4C1 /* libpjsip-arm-apple-darwin9.a */,
				48338F62161628690033F4C1 /* libpjsip-simple-arm-apple-darwin9.a */,
				48338F63161628690033F4C1 /* libpjsip-ua-arm-apple-darwin9.a */,
				48338F64161628690033F4C1 /* libpjsua-arm-apple-darwin9.a */,
				48338F65161628690033F4C1 /* libresample-arm-apple-darwin9.a */,
				48338F66161628690033F4C1 /* libspeex-arm-apple-darwin9.a */,
				48338F67161628690033F4C1 /* libsrtp-arm-apple-darwin9.a */,
			);
			name = pjsip;
			sourceTree = "<group>";
		};
		48338F55161628410033F4C1 /* OpenSSL */ = {
			isa = PBXGroup;
			children = (
				48338F8C161628BA0033F4C1 /* libcrypto.a */,
				48338F8D161628BA0033F4C1 /* libssl.a */,
			);
			name = OpenSSL;
			sourceTree = "<group>";
		};
		48338F9E16170CA80033F4C1 /* Sources */ = {
			isa = PBXGroup;
			children = (
				48338F9F16170CA80033F4C1 /* AppDelegate.h */,
				48338FA016170CA80033F4C1 /* AppDelegate.m */,
				48338FA116170CA80033F4C1 /* FirstViewController.h */,
				48338FA216170CA80033F4C1 /* FirstViewController.m */,
				48338FA316170CA80033F4C1 /* SecondViewController.h */,
				48338FA416170CA80033F4C1 /* SecondViewController.m */,
			);
			path = Sources;
			sourceTree = "<group>";
		};
		48338FA816170CBA0033F4C1 /* Images */ = {
			isa = PBXGroup;
			children = (
				48338FB316170D8C0033F4C1 /* App */,
				48338FA916170CBA0033F4C1 /* Tabs */,
			);
			path = Images;
			sourceTree = "<group>";
		};
		48338FA916170CBA0033F4C1 /* Tabs */ = {
			isa = PBXGroup;
			children = (
				48338FAA16170CBA0033F4C1 /* first.png */,
				48338FAB16170CBA0033F4C1 /* first@2x.png */,
				48338FAC16170CBA0033F4C1 /* second.png */,
				48338FAD16170CBA0033F4C1 /* second@2x.png */,
			);
			path = Tabs;
			sourceTree = "<group>";
		};
		48338FB216170CEC0033F4C1 /* StoryBoards */ = {
			isa = PBXGroup;
			children = (
				48884A8C1615CE920005AA79 /* MainStoryboard_iPhone.storyboard */,
				48884A8F1615CE920005AA79 /* MainStoryboard_iPad.storyboard */,
			);
			name = StoryBoards;
			sourceTree = "<group>";
		};
		48338FB316170D8C0033F4C1 /* App */ = {
			isa = PBXGroup;
			children = (
				48338FB416170D8C0033F4C1 /* Default-568h@2x.png */,
				48338FB516170D8C0033F4C1 /* Default.png */,
				48338FB616170D8C0033F4C1 /* Default@2x.png */,
			);
			path = App;
			sourceTree = "<group>";
		};
		48884A651615CE920005AA79 = {
			isa = PBXGroup;
			children = (
				48884A7A1615CE920005AA79 /* Talk */,
				48884AAC1615CE920005AA79 /* TalkTests */,
				48884A731615CE920005AA79 /* Frameworks */,
				48884A711615CE920005AA79 /* Products */,
			);
			sourceTree = "<group>";
		};
		48884A711615CE920005AA79 /* Products */ = {
			isa = PBXGroup;
			children = (
				48884A701615CE920005AA79 /* Talk.app */,
				48884AA51615CE920005AA79 /* TalkTests.octest */,
			);
			name = Products;
			sourceTree = "<group>";
		};
		48884A731615CE920005AA79 /* Frameworks */ = {
			isa = PBXGroup;
			children = (
				48338F55161628410033F4C1 /* OpenSSL */,
				48338F54161628310033F4C1 /* pjsip */,
				48884A741615CE920005AA79 /* UIKit.framework */,
				48884A761615CE920005AA79 /* Foundation.framework */,
				48884A781615CE920005AA79 /* CoreGraphics.framework */,
				48884AA61615CE920005AA79 /* SenTestingKit.framework */,
			);
			name = Frameworks;
			sourceTree = "<group>";
		};
		48884A7A1615CE920005AA79 /* Talk */ = {
			isa = PBXGroup;
			children = (
				48338F9E16170CA80033F4C1 /* Sources */,
				48338FB216170CEC0033F4C1 /* StoryBoards */,
				48338FA816170CBA0033F4C1 /* Images */,
				48884A7B1615CE920005AA79 /* Supporting Files */,
			);
			path = Talk;
			sourceTree = "<group>";
		};
		48884A7B1615CE920005AA79 /* Supporting Files */ = {
			isa = PBXGroup;
			children = (
				48884A7C1615CE920005AA79 /* Talk-Info.plist */,
				48884A7D1615CE920005AA79 /* InfoPlist.strings */,
				48884A821615CE920005AA79 /* Talk-Prefix.pch */,
				48338F9A16170C6C0033F4C1 /* main.m */,
				48338F92161700550033F4C1 /* AppledocSettings.plist */,
			);
			name = "Supporting Files";
			sourceTree = "<group>";
		};
		48884AAC1615CE920005AA79 /* TalkTests */ = {
			isa = PBXGroup;
			children = (
				48884AB21615CE920005AA79 /* TalkTests.h */,
				48884AB31615CE920005AA79 /* TalkTests.m */,
				48884AAD1615CE920005AA79 /* Supporting Files */,
			);
			path = TalkTests;
			sourceTree = "<group>";
		};
		48884AAD1615CE920005AA79 /* Supporting Files */ = {
			isa = PBXGroup;
			children = (
				48884AAE1615CE920005AA79 /* TalkTests-Info.plist */,
				48884AAF1615CE920005AA79 /* InfoPlist.strings */,
			);
			name = "Supporting Files";
			sourceTree = "<group>";
		};
/* End PBXGroup section */

/* Begin PBXNativeTarget section */
		48884A6F1615CE920005AA79 /* Talk */ = {
			isa = PBXNativeTarget;
			buildConfigurationList = 48884AB71615CE920005AA79 /* Build configuration list for PBXNativeTarget "Talk" */;
			buildPhases = (
				48884A6C1615CE920005AA79 /* Sources */,
				48884A6D1615CE920005AA79 /* Frameworks */,
				48884A6E1615CE920005AA79 /* Resources */,
			);
			buildRules = (
			);
			dependencies = (
			);
			name = Talk;
			productName = Talk;
			productReference = 48884A701615CE920005AA79 /* Talk.app */;
			productType = "com.apple.product-type.application";
		};
		48884AA41615CE920005AA79 /* TalkTests */ = {
			isa = PBXNativeTarget;
			buildConfigurationList = 48884ABA1615CE920005AA79 /* Build configuration list for PBXNativeTarget "TalkTests" */;
			buildPhases = (
				48884AA01615CE920005AA79 /* Sources */,
				48884AA11615CE920005AA79 /* Frameworks */,
				48884AA21615CE920005AA79 /* Resources */,
				48884AA31615CE920005AA79 /* ShellScript */,
			);
			buildRules = (
			);
			dependencies = (
				48884AAB1615CE920005AA79 /* PBXTargetDependency */,
			);
			name = TalkTests;
			productName = TalkTests;
			productReference = 48884AA51615CE920005AA79 /* TalkTests.octest */;
			productType = "com.apple.product-type.bundle";
		};
/* End PBXNativeTarget section */

/* Begin PBXProject section */
		48884A671615CE920005AA79 /* Project object */ = {
			isa = PBXProject;
			attributes = {
				LastUpgradeCheck = 0450;
				ORGANIZATIONNAME = "Cornelis van der Bent";
			};
			buildConfigurationList = 48884A6A1615CE920005AA79 /* Build configuration list for PBXProject "Talk" */;
			compatibilityVersion = "Xcode 3.2";
			developmentRegion = English;
			hasScannedForEncodings = 0;
			knownRegions = (
				en,
			);
			mainGroup = 48884A651615CE920005AA79;
			productRefGroup = 48884A711615CE920005AA79 /* Products */;
			projectDirPath = "";
			projectRoot = "";
			targets = (
				48884A6F1615CE920005AA79 /* Talk */,
				48884AA41615CE920005AA79 /* TalkTests */,
				48338EFE1615E3560033F4C1 /* Documentation */,
			);
		};
/* End PBXProject section */

/* Begin PBXResourcesBuildPhase section */
		48884A6E1615CE920005AA79 /* Resources */ = {
			isa = PBXResourcesBuildPhase;
			buildActionMask = 2147483647;
			files = (
				48884A7F1615CE920005AA79 /* InfoPlist.strings in Resources */,
				48884A8E1615CE920005AA79 /* MainStoryboard_iPhone.storyboard in Resources */,
				48884A911615CE920005AA79 /* MainStoryboard_iPad.storyboard in Resources */,
				48338FAE16170CBA0033F4C1 /* first.png in Resources */,
				48338FAF16170CBA0033F4C1 /* first@2x.png in Resources */,
				48338FB016170CBA0033F4C1 /* second.png in Resources */,
				48338FB116170CBA0033F4C1 /* second@2x.png in Resources */,
				48338FB716170D8C0033F4C1 /* Default-568h@2x.png in Resources */,
				48338FB816170D8C0033F4C1 /* Default.png in Resources */,
				48338FB916170D8C0033F4C1 /* Default@2x.png in Resources */,
			);
			runOnlyForDeploymentPostprocessing = 0;
		};
		48884AA21615CE920005AA79 /* Resources */ = {
			isa = PBXResourcesBuildPhase;
			buildActionMask = 2147483647;
			files = (
				48884AB11615CE920005AA79 /* InfoPlist.strings in Resources */,
			);
			runOnlyForDeploymentPostprocessing = 0;
		};
/* End PBXResourcesBuildPhase section */

/* Begin PBXShellScriptBuildPhase section */
		48338F031615E3F60033F4C1 /* ShellScript */ = {
			isa = PBXShellScriptBuildPhase;
			buildActionMask = 2147483647;
			files = (
			);
			inputPaths = (
			);
			outputPaths = (
			);
			runOnlyForDeploymentPostprocessing = 0;
			shellPath = /bin/sh;
			shellScript = "/Applications/appledoc --verbose xcode $SOURCE_ROOT/$PROJECT_NAME";
		};
		48884AA31615CE920005AA79 /* ShellScript */ = {
			isa = PBXShellScriptBuildPhase;
			buildActionMask = 2147483647;
			files = (
			);
			inputPaths = (
			);
			outputPaths = (
			);
			runOnlyForDeploymentPostprocessing = 0;
			shellPath = /bin/sh;
			shellScript = "# Run the unit tests in this test bundle.\n\"${SYSTEM_DEVELOPER_DIR}/Tools/RunUnitTests\"\n";
		};
/* End PBXShellScriptBuildPhase section */

/* Begin PBXSourcesBuildPhase section */
		48884A6C1615CE920005AA79 /* Sources */ = {
			isa = PBXSourcesBuildPhase;
			buildActionMask = 2147483647;
			files = (
				48338F9B16170C6C0033F4C1 /* main.m in Sources */,
				48338FA516170CA80033F4C1 /* AppDelegate.m in Sources */,
				48338FA616170CA80033F4C1 /* FirstViewController.m in Sources */,
				48338FA716170CA80033F4C1 /* SecondViewController.m in Sources */,
			);
			runOnlyForDeploymentPostprocessing = 0;
		};
		48884AA01615CE920005AA79 /* Sources */ = {
			isa = PBXSourcesBuildPhase;
			buildActionMask = 2147483647;
			files = (
				48884AB41615CE920005AA79 /* TalkTests.m in Sources */,
			);
			runOnlyForDeploymentPostprocessing = 0;
		};
/* End PBXSourcesBuildPhase section */

/* Begin PBXTargetDependency section */
		48884AAB1615CE920005AA79 /* PBXTargetDependency */ = {
			isa = PBXTargetDependency;
			target = 48884A6F1615CE920005AA79 /* Talk */;
			targetProxy = 48884AAA1615CE920005AA79 /* PBXContainerItemProxy */;
		};
/* End PBXTargetDependency section */

/* Begin PBXVariantGroup section */
		48884A7D1615CE920005AA79 /* InfoPlist.strings */ = {
			isa = PBXVariantGroup;
			children = (
				48884A7E1615CE920005AA79 /* en */,
			);
			name = InfoPlist.strings;
			sourceTree = "<group>";
		};
		48884A8C1615CE920005AA79 /* MainStoryboard_iPhone.storyboard */ = {
			isa = PBXVariantGroup;
			children = (
				48884A8D1615CE920005AA79 /* en */,
			);
			name = MainStoryboard_iPhone.storyboard;
			sourceTree = "<group>";
		};
		48884A8F1615CE920005AA79 /* MainStoryboard_iPad.storyboard */ = {
			isa = PBXVariantGroup;
			children = (
				48884A901615CE920005AA79 /* en */,
			);
			name = MainStoryboard_iPad.storyboard;
			sourceTree = "<group>";
		};
		48884AAF1615CE920005AA79 /* InfoPlist.strings */ = {
			isa = PBXVariantGroup;
			children = (
				48884AB01615CE920005AA79 /* en */,
			);
			name = InfoPlist.strings;
			sourceTree = "<group>";
		};
/* End PBXVariantGroup section */

/* Begin XCBuildConfiguration section */
		48338EFF1615E3560033F4C1 /* Debug */ = {
			isa = XCBuildConfiguration;
			buildSettings = {
				PRODUCT_NAME = "$(TARGET_NAME)";
			};
			name = Debug;
		};
		48338F001615E3560033F4C1 /* Release */ = {
			isa = XCBuildConfiguration;
			buildSettings = {
				PRODUCT_NAME = "$(TARGET_NAME)";
			};
			name = Release;
		};
		48884AB51615CE920005AA79 /* Debug */ = {
			isa = XCBuildConfiguration;
			buildSettings = {
				ALWAYS_SEARCH_USER_PATHS = NO;
				CLANG_CXX_LANGUAGE_STANDARD = "gnu++0x";
				CLANG_CXX_LIBRARY = "libc++";
				CLANG_ENABLE_OBJC_ARC = YES;
				CLANG_WARN_EMPTY_BODY = YES;
				CLANG_WARN__DUPLICATE_METHOD_MATCH = YES;
				"CODE_SIGN_IDENTITY[sdk=iphoneos*]" = "iPhone Developer";
				COPY_PHASE_STRIP = NO;
				GCC_C_LANGUAGE_STANDARD = gnu99;
				GCC_DYNAMIC_NO_PIC = NO;
				GCC_OPTIMIZATION_LEVEL = 0;
				GCC_PREPROCESSOR_DEFINITIONS = (
					"DEBUG=1",
					"$(inherited)",
				);
				GCC_SYMBOLS_PRIVATE_EXTERN = NO;
				GCC_WARN_ABOUT_RETURN_TYPE = YES;
				GCC_WARN_UNINITIALIZED_AUTOS = YES;
				GCC_WARN_UNUSED_VARIABLE = YES;
				IPHONEOS_DEPLOYMENT_TARGET = 6.0;
				ONLY_ACTIVE_ARCH = YES;
				SDKROOT = iphoneos;
				TARGETED_DEVICE_FAMILY = "1,2";
			};
			name = Debug;
		};
		48884AB61615CE920005AA79 /* Release */ = {
			isa = XCBuildConfiguration;
			buildSettings = {
				ALWAYS_SEARCH_USER_PATHS = NO;
				CLANG_CXX_LANGUAGE_STANDARD = "gnu++0x";
				CLANG_CXX_LIBRARY = "libc++";
				CLANG_ENABLE_OBJC_ARC = YES;
				CLANG_WARN_EMPTY_BODY = YES;
				CLANG_WARN__DUPLICATE_METHOD_MATCH = YES;
				"CODE_SIGN_IDENTITY[sdk=iphoneos*]" = "iPhone Developer";
				COPY_PHASE_STRIP = YES;
				GCC_C_LANGUAGE_STANDARD = gnu99;
				GCC_WARN_ABOUT_RETURN_TYPE = YES;
				GCC_WARN_UNINITIALIZED_AUTOS = YES;
				GCC_WARN_UNUSED_VARIABLE = YES;
				IPHONEOS_DEPLOYMENT_TARGET = 6.0;
				ONLY_ACTIVE_ARCH = YES;
				OTHER_CFLAGS = "-DNS_BLOCK_ASSERTIONS=1";
				SDKROOT = iphoneos;
				TARGETED_DEVICE_FAMILY = "1,2";
				VALIDATE_PRODUCT = YES;
			};
			name = Release;
		};
		48884AB81615CE920005AA79 /* Debug */ = {
			isa = XCBuildConfiguration;
			buildSettings = {
				GCC_PRECOMPILE_PREFIX_HEADER = YES;
				GCC_PREFIX_HEADER = "Talk/Talk-Prefix.pch";
				INFOPLIST_FILE = "Talk/Talk-Info.plist";
				LIBRARY_SEARCH_PATHS = (
					"$(inherited)",
					"\"$(SRCROOT)/External/pjproject-2.0.1/install/lib\"",
					"\"$(SRCROOT)/External/OpenSSL-for-iPhone/lib\"",
				);
				PRODUCT_NAME = "$(TARGET_NAME)";
				WRAPPER_EXTENSION = app;
			};
			name = Debug;
		};
		48884AB91615CE920005AA79 /* Release */ = {
			isa = XCBuildConfiguration;
			buildSettings = {
				GCC_PRECOMPILE_PREFIX_HEADER = YES;
				GCC_PREFIX_HEADER = "Talk/Talk-Prefix.pch";
				INFOPLIST_FILE = "Talk/Talk-Info.plist";
				LIBRARY_SEARCH_PATHS = (
					"$(inherited)",
					"\"$(SRCROOT)/External/pjproject-2.0.1/install/lib\"",
					"\"$(SRCROOT)/External/OpenSSL-for-iPhone/lib\"",
				);
				PRODUCT_NAME = "$(TARGET_NAME)";
				WRAPPER_EXTENSION = app;
			};
			name = Release;
		};
		48884ABB1615CE920005AA79 /* Debug */ = {
			isa = XCBuildConfiguration;
			buildSettings = {
				BUNDLE_LOADER = "$(BUILT_PRODUCTS_DIR)/Talk.app/Talk";
				FRAMEWORK_SEARCH_PATHS = (
					"\"$(SDKROOT)/Developer/Library/Frameworks\"",
					"\"$(DEVELOPER_LIBRARY_DIR)/Frameworks\"",
				);
				GCC_PRECOMPILE_PREFIX_HEADER = YES;
				GCC_PREFIX_HEADER = "Talk/Talk-Prefix.pch";
				INFOPLIST_FILE = "TalkTests/TalkTests-Info.plist";
				LIBRARY_SEARCH_PATHS = (
					"$(inherited)",
					"\"$(SRCROOT)/External/pjproject-2.0.1/install/lib\"",
					"\"$(SRCROOT)/External/OpenSSL-for-iPhone/lib\"",
				);
				PRODUCT_NAME = "$(TARGET_NAME)";
				TEST_HOST = "$(BUNDLE_LOADER)";
				WRAPPER_EXTENSION = octest;
			};
			name = Debug;
		};
		48884ABC1615CE920005AA79 /* Release */ = {
			isa = XCBuildConfiguration;
			buildSettings = {
				BUNDLE_LOADER = "$(BUILT_PRODUCTS_DIR)/Talk.app/Talk";
				FRAMEWORK_SEARCH_PATHS = (
					"\"$(SDKROOT)/Developer/Library/Frameworks\"",
					"\"$(DEVELOPER_LIBRARY_DIR)/Frameworks\"",
				);
				GCC_PRECOMPILE_PREFIX_HEADER = YES;
				GCC_PREFIX_HEADER = "Talk/Talk-Prefix.pch";
				INFOPLIST_FILE = "TalkTests/TalkTests-Info.plist";
				LIBRARY_SEARCH_PATHS = (
					"$(inherited)",
					"\"$(SRCROOT)/External/pjproject-2.0.1/install/lib\"",
					"\"$(SRCROOT)/External/OpenSSL-for-iPhone/lib\"",
				);
				PRODUCT_NAME = "$(TARGET_NAME)";
				TEST_HOST = "$(BUNDLE_LOADER)";
				WRAPPER_EXTENSION = octest;
			};
			name = Release;
		};
/* End XCBuildConfiguration section */

/* Begin XCConfigurationList section */
		48338F011615E3560033F4C1 /* Build configuration list for PBXAggregateTarget "Documentation" */ = {
			isa = XCConfigurationList;
			buildConfigurations = (
				48338EFF1615E3560033F4C1 /* Debug */,
				48338F001615E3560033F4C1 /* Release */,
			);
			defaultConfigurationIsVisible = 0;
			defaultConfigurationName = Release;
		};
		48884A6A1615CE920005AA79 /* Build configuration list for PBXProject "Talk" */ = {
			isa = XCConfigurationList;
			buildConfigurations = (
				48884AB51615CE920005AA79 /* Debug */,
				48884AB61615CE920005AA79 /* Release */,
			);
			defaultConfigurationIsVisible = 0;
			defaultConfigurationName = Release;
		};
		48884AB71615CE920005AA79 /* Build configuration list for PBXNativeTarget "Talk" */ = {
			isa = XCConfigurationList;
			buildConfigurations = (
				48884AB81615CE920005AA79 /* Debug */,
				48884AB91615CE920005AA79 /* Release */,
			);
			defaultConfigurationIsVisible = 0;
			defaultConfigurationName = Release;
		};
		48884ABA1615CE920005AA79 /* Build configuration list for PBXNativeTarget "TalkTests" */ = {
			isa = XCConfigurationList;
			buildConfigurations = (
				48884ABB1615CE920005AA79 /* Debug */,
				48884ABC1615CE920005AA79 /* Release */,
			);
			defaultConfigurationIsVisible = 0;
			defaultConfigurationName = Release;
		};
/* End XCConfigurationList section */
	};
	rootObject = 48884A671615CE920005AA79 /* Project object */;
}
